// !$*UTF8*$!
{
	archiveVersion = 1;
	classes = {
	};
	objectVersion = 48;
	objects = {

/* Begin PBXBuildFile section */
		AF0CCDB91F981F78004D3DD5 /* AppDelegate.swift in Sources */ = {isa = PBXBuildFile; fileRef = AF0CCDB81F981F78004D3DD5 /* AppDelegate.swift */; };
		AF0CCDBE1F981F78004D3DD5 /* Main.storyboard in Resources */ = {isa = PBXBuildFile; fileRef = AF0CCDBC1F981F78004D3DD5 /* Main.storyboard */; };
		AF0CCDC01F981F78004D3DD5 /* Assets.xcassets in Resources */ = {isa = PBXBuildFile; fileRef = AF0CCDBF1F981F78004D3DD5 /* Assets.xcassets */; };
		AF0CCDC31F981F78004D3DD5 /* LaunchScreen.storyboard in Resources */ = {isa = PBXBuildFile; fileRef = AF0CCDC11F981F78004D3DD5 /* LaunchScreen.storyboard */; };
		AF0CCDCB1F9829B7004D3DD5 /* ColorTableController.swift in Sources */ = {isa = PBXBuildFile; fileRef = AF0CCDCA1F9829B7004D3DD5 /* ColorTableController.swift */; };
/* End PBXBuildFile section */

/* Begin PBXFileReference section */
		AF0CCDB51F981F78004D3DD5 /* Color Table.app */ = {isa = PBXFileReference; explicitFileType = wrapper.application; includeInIndex = 0; path = "Color Table.app"; sourceTree = BUILT_PRODUCTS_DIR; };
		AF0CCDB81F981F78004D3DD5 /* AppDelegate.swift */ = {isa = PBXFileReference; lastKnownFileType = sourcecode.swift; path = AppDelegate.swift; sourceTree = "<group>"; };
		AF0CCDBD1F981F78004D3DD5 /* Base */ = {isa = PBXFileReference; lastKnownFileType = file.storyboard; name = Base; path = Base.lproj/Main.storyboard; sourceTree = "<group>"; };
		AF0CCDBF1F981F78004D3DD5 /* Assets.xcassets */ = {isa = PBXFileReference; lastKnownFileType = folder.assetcatalog; path = Assets.xcassets; sourceTree = "<group>"; };
		AF0CCDC21F981F78004D3DD5 /* Base */ = {isa = PBXFileReference; lastKnownFileType = file.storyboard; name = Base; path = Base.lproj/LaunchScreen.storyboard; sourceTree = "<group>"; };
		AF0CCDC41F981F78004D3DD5 /* Info.plist */ = {isa = PBXFileReference; lastKnownFileType = text.plist.xml; path = Info.plist; sourceTree = "<group>"; };
		AF0CCDCA1F9829B7004D3DD5 /* ColorTableController.swift */ = {isa = PBXFileReference; lastKnownFileType = sourcecode.swift; path = ColorTableController.swift; sourceTree = "<group>"; };
/* End PBXFileReference section */

/* Begin PBXFrameworksBuildPhase section */
		AF0CCDB21F981F78004D3DD5 /* Frameworks */ = {
			isa = PBXFrameworksBuildPhase;
			buildActionMask = 2147483647;
			files = (
			);
			runOnlyForDeploymentPostprocessing = 0;
		};
/* End PBXFrameworksBuildPhase section */

/* Begin PBXGroup section */
		AF0CCDAC1F981F78004D3DD5 = {
			isa = PBXGroup;
			children = (
				AF0CCDB71F981F78004D3DD5 /* Color Table */,
				AF0CCDB61F981F78004D3DD5 /* Products */,
			);
			sourceTree = "<group>";
		};
		AF0CCDB61F981F78004D3DD5 /* Products */ = {
			isa = PBXGroup;
			children = (
				AF0CCDB51F981F78004D3DD5 /* Color Table.app */,
			);
			name = Products;
			sourceTree = "<group>";
		};
		AF0CCDB71F981F78004D3DD5 /* Color Table */ = {
			isa = PBXGroup;
			children = (
				AF0CCDB81F981F78004D3DD5 /* AppDelegate.swift */,
				AF0CCDBC1F981F78004D3DD5 /* Main.storyboard */,
				AF0CCDCA1F9829B7004D3DD5 /* ColorTableController.swift */,
				AF0CCDBF1F981F78004D3DD5 /* Assets.xcassets */,
				AF0CCDC11F981F78004D3DD5 /* LaunchScreen.storyboard */,
				AF0CCDC41F981F78004D3DD5 /* Info.plist */,
			);
			path = "Color Table";
			sourceTree = "<group>";
		};
/* End PBXGroup section */

/* Begin PBXNativeTarget section */
		AF0CCDB41F981F78004D3DD5 /* Color Table */ = {
			isa = PBXNativeTarget;
			buildConfigurationList = AF0CCDC71F981F78004D3DD5 /* Build configuration list for PBXNativeTarget "Color Table" */;
			buildPhases = (
				AF0CCDB11F981F78004D3DD5 /* Sources */,
				AF0CCDB21F981F78004D3DD5 /* Frameworks */,
				AF0CCDB31F981F78004D3DD5 /* Resources */,
			);
			buildRules = (
			);
			dependencies = (
			);
			name = "Color Table";
			productName = "Color Table";
			productReference = AF0CCDB51F981F78004D3DD5 /* Color Table.app */;
			productType = "com.apple.product-type.application";
		};
/* End PBXNativeTarget section */

/* Begin PBXProject section */
		AF0CCDAD1F981F78004D3DD5 /* Project object */ = {
			isa = PBXProject;
			attributes = {
				LastSwiftUpdateCheck = 0900;
				LastUpgradeCheck = 0900;
				ORGANIZATIONNAME = "Henry Asare";
				TargetAttributes = {
					AF0CCDB41F981F78004D3DD5 = {
						CreatedOnToolsVersion = 9.0;
						ProvisioningStyle = Automatic;
					};
				};
			};
			buildConfigurationList = AF0CCDB01F981F78004D3DD5 /* Build configuration list for PBXProject "Color Table" */;
			compatibilityVersion = "Xcode 8.0";
			developmentRegion = en;
			hasScannedForEncodings = 0;
			knownRegions = (
				en,
				Base,
			);
			mainGroup = AF0CCDAC1F981F78004D3DD5;
			productRefGroup = AF0CCDB61F981F78004D3DD5 /* Products */;
			projectDirPath = "";
			projectRoot = "";
			targets = (
				AF0CCDB41F981F78004D3DD5 /* Color Table */,
			);
		};
/* End PBXProject section */

/* Begin PBXResourcesBuildPhase section */
		AF0CCDB31F981F78004D3DD5 /* Resources */ = {
			isa = PBXResourcesBuildPhase;
			buildActionMask = 2147483647;
			files = (
				AF0CCDC31F981F78004D3DD5 /* LaunchScreen.storyboard in Resources */,
				AF0CCDC01F981F78004D3DD5 /* Assets.xcassets in Resources */,
				AF0CCDBE1F981F78004D3DD5 /* Main.storyboard in Resources */,
			);
			runOnlyForDeploymentPostprocessing = 0;
		};
/* End PBXResourcesBuildPhase section */

/* Begin PBXSourcesBuildPhase section */
		AF0CCDB11F981F78004D3DD5 /* Sources */ = {
			isa = PBXSourcesBuildPhase;
			buildActionMask = 2147483647;
			files = (
				AF0CCDCB1F9829B7004D3DD5 /* ColorTableController.swift in Sources */,
				AF0CCDB91F981F78004D3DD5 /* AppDelegate.swift in Sources */,
			);
			runOnlyForDeploymentPostprocessing = 0;
		};
/* End PBXSourcesBuildPhase section */

/* Begin PBXVariantGroup section */
		AF0CCDBC1F981F78004D3DD5 /* Main.storyboard */ = {
			isa = PBXVariantGroup;
			children = (
				AF0CCDBD1F981F78004D3DD5 /* Base */,
			);
			name = Main.storyboard;
			sourceTree = "<group>";
		};
		AF0CCDC11F981F78004D3DD5 /* LaunchScreen.storyboard */ = {
			isa = PBXVariantGroup;
			children = (
				AF0CCDC21F981F78004D3DD5 /* Base */,
			);
			name = LaunchScreen.storyboard;
			sourceTree = "<group>";
		};
/* End PBXVariantGroup section */

/* Begin XCBuildConfiguration section */
		AF0CCDC51F981F78004D3DD5 /* Debug */ = {
			isa = XCBuildConfiguration;
			buildSettings = {
				ALWAYS_SEARCH_USER_PATHS = NO;
				CLANG_ANALYZER_NONNULL = YES;
				CLANG_ANALYZER_NUMBER_OBJECT_CONVERSION = YES_AGGRESSIVE;
				CLANG_CXX_LANGUAGE_STANDARD = "gnu++14";
				CLANG_CXX_LIBRARY = "libc++";
				CLANG_ENABLE_MODULES = YES;
				CLANG_ENABLE_OBJC_ARC = YES;
				CLANG_WARN_BLOCK_CAPTURE_AUTORELEASING = YES;
				CLANG_WARN_BOOL_CONVERSION = YES;
				CLANG_WARN_COMMA = YES;
				CLANG_WARN_CONSTANT_CONVERSION = YES;
				CLANG_WARN_DIRECT_OBJC_ISA_USAGE = YES_ERROR;
				CLANG_WARN_DOCUMENTATION_COMMENTS = YES;
				CLANG_WARN_EMPTY_BODY = YES;
				CLANG_WARN_ENUM_CONVERSION = YES;
				CLANG_WARN_INFINITE_RECURSION = YES;
				CLANG_WARN_INT_CONVERSION = YES;
				CLANG_WARN_NON_LITERAL_NULL_CONVERSION = YES;
				CLANG_WARN_OBJC_LITERAL_CONVERSION = YES;
				CLANG_WARN_OBJC_ROOT_CLASS = YES_ERROR;
				CLANG_WARN_RANGE_LOOP_ANALYSIS = YES;
				CLANG_WARN_STRICT_PROTOTYPES = YES;
				CLANG_WARN_SUSPICIOUS_MOVE = YES;
				CLANG_WARN_UNGUARDED_AVAILABILITY = YES_AGGRESSIVE;
				CLANG_WARN_UNREACHABLE_CODE = YES;
				CLANG_WARN__DUPLICATE_METHOD_MATCH = YES;
				CODE_SIGN_IDENTITY = "iPhone Developer";
				COPY_PHASE_STRIP = NO;
				DEBUG_INFORMATION_FORMAT = dwarf;
				ENABLE_STRICT_OBJC_MSGSEND = YES;
				ENABLE_TESTABILITY = YES;
				GCC_C_LANGUAGE_STANDARD = gnu11;
				GCC_DYNAMIC_NO_PIC = NO;
				GCC_NO_COMMON_BLOCKS = YES;
				GCC_OPTIMIZATION_LEVEL = 0;
				GCC_PREPROCESSOR_DEFINITIONS = (
					"DEBUG=1",
					"$(inherited)",
				);
				GCC_WARN_64_TO_32_BIT_CONVERSION = YES;
				GCC_WARN_ABOUT_RETURN_TYPE = YES_ERROR;
				GCC_WARN_UNDECLARED_SELECTOR = YES;
				GCC_WARN_UNINITIALIZED_AUTOS = YES_AGGRESSIVE;
				GCC_WARN_UNUSED_FUNCTION = YES;
				GCC_WARN_UNUSED_VARIABLE = YES;
				IPHONEOS_DEPLOYMENT_TARGET = 11.0;
				MTL_ENABLE_DEBUG_INFO = YES;
				ONLY_ACTIVE_ARCH = YES;
				SDKROOT = iphoneos;
				SWIFT_ACTIVE_COMPILATION_CONDITIONS = DEBUG;
				SWIFT_OPTIMIZATION_LEVEL = "-Onone";
			};
			name = Debug;
		};
		AF0CCDC61F981F78004D3DD5 /* Release */ = {
			isa = XCBuildConfiguration;
			buildSettings = {
				ALWAYS_SEARCH_USER_PATHS = NO;
				CLANG_ANALYZER_NONNULL = YES;
				CLANG_ANALYZER_NUMBER_OBJECT_CONVERSION = YES_AGGRESSIVE;
				CLANG_CXX_LANGUAGE_STANDARD = "gnu++14";
				CLANG_CXX_LIBRARY = "libc++";
				CLANG_ENABLE_MODULES = YES;
				CLANG_ENABLE_OBJC_ARC = YES;
				CLANG_WARN_BLOCK_CAPTURE_AUTORELEASING = YES;
				CLANG_WARN_BOOL_CONVERSION = YES;
				CLANG_WARN_COMMA = YES;
				CLANG_WARN_CONSTANT_CONVERSION = YES;
				CLANG_WARN_DIRECT_OBJC_ISA_USAGE = YES_ERROR;
				CLANG_WARN_DOCUMENTATION_COMMENTS = YES;
				CLANG_WARN_EMPTY_BODY = YES;
				CLANG_WARN_ENUM_CONVERSION = YES;
				CLANG_WARN_INFINITE_RECURSION = YES;
				CLANG_WARN_INT_CONVERSION = YES;
				CLANG_WARN_NON_LITERAL_NULL_CONVERSION = YES;
				CLANG_WARN_OBJC_LITERAL_CONVERSION = YES;
				CLANG_WARN_OBJC_ROOT_CLASS = YES_ERROR;
				CLANG_WARN_RANGE_LOOP_ANALYSIS = YES;
				CLANG_WARN_STRICT_PROTOTYPES = YES;
				CLANG_WARN_SUSPICIOUS_MOVE = YES;
				CLANG_WARN_UNGUARDED_AVAILABILITY = YES_AGGRESSIVE;
				CLANG_WARN_UNREACHABLE_CODE = YES;
				CLANG_WARN__DUPLICATE_METHOD_MATCH = YES;
				CODE_SIGN_IDENTITY = "iPhone Developer";
				COPY_PHASE_STRIP = NO;
				DEBUG_INFORMATION_FORMAT = "dwarf-with-dsym";
				ENABLE_NS_ASSERTIONS = NO;
				ENABLE_STRICT_OBJC_MSGSEND = YES;
				GCC_C_LANGUAGE_STANDARD = gnu11;
				GCC_NO_COMMON_BLOCKS = YES;
				GCC_WARN_64_TO_32_BIT_CONVERSION = YES;
				GCC_WARN_ABOUT_RETURN_TYPE = YES_ERROR;
				GCC_WARN_UNDECLARED_SELECTOR = YES;
				GCC_WARN_UNINITIALIZED_AUTOS = YES_AGGRESSIVE;
				GCC_WARN_UNUSED_FUNCTION = YES;
				GCC_WARN_UNUSED_VARIABLE = YES;
				IPHONEOS_DEPLOYMENT_TARGET = 11.0;
				MTL_ENABLE_DEBUG_INFO = NO;
				SDKROOT = iphoneos;
				SWIFT_OPTIMIZATION_LEVEL = "-Owholemodule";
				VALIDATE_PRODUCT = YES;
			};
			name = Release;
		};
		AF0CCDC81F981F78004D3DD5 /* Debug */ = {
			isa = XCBuildConfiguration;
			buildSettings = {
				ASSETCATALOG_COMPILER_APPICON_NAME = AppIcon;
				CODE_SIGN_STYLE = Automatic;
				INFOPLIST_FILE = "Color Table/Info.plist";
				LD_RUNPATH_SEARCH_PATHS = "$(inherited) @executable_path/Frameworks";
				PRODUCT_BUNDLE_IDENTIFIER = "online.techinovator.Color-Table";
				PRODUCT_NAME = "$(TARGET_NAME)";
				SWIFT_VERSION = 4.0;
				TARGETED_DEVICE_FAMILY = "1,2";
			};
			name = Debug;
		};
		AF0CCDC91F981F78004D3DD5 /* Release */ = {
			isa = XCBuildConfiguration;
			buildSettings = {
				ASSETCATALOG_COMPILER_APPICON_NAME = AppIcon;
				CODE_SIGN_STYLE = Automatic;
				INFOPLIST_FILE = "Color Table/Info.plist";
				LD_RUNPATH_SEARCH_PATHS = "$(inherited) @executable_path/Frameworks";
				PRODUCT_BUNDLE_IDENTIFIER = "online.techinovator.Color-Table";
				PRODUCT_NAME = "$(TARGET_NAME)";
				SWIFT_VERSION = 4.0;
				TARGETED_DEVICE_FAMILY = "1,2";
			};
			name = Release;
		};
/* End XCBuildConfiguration section */

/* Begin XCConfigurationList section */
		AF0CCDB01F981F78004D3DD5 /* Build configuration list for PBXProject "Color Table" */ = {
			isa = XCConfigurationList;
			buildConfigurations = (
				AF0CCDC51F981F78004D3DD5 /* Debug */,
				AF0CCDC61F981F78004D3DD5 /* Release */,
			);
			defaultConfigurationIsVisible = 0;
			defaultConfigurationName = Release;
		};
		AF0CCDC71F981F78004D3DD5 /* Build configuration list for PBXNativeTarget "Color Table" */ = {
			isa = XCConfigurationList;
			buildConfigurations = (
				AF0CCDC81F981F78004D3DD5 /* Debug */,
				AF0CCDC91F981F78004D3DD5 /* Release */,
			);
			defaultConfigurationIsVisible = 0;
			defaultConfigurationName = Release;
		};
/* End XCConfigurationList section */
	};
	rootObject = AF0CCDAD1F981F78004D3DD5 /* Project object */;
}
